Microsoft Visual Studio Solution File, Format Version 12.00
# Visual Studio Version 17
VisualStudioVersion = 17.5.2.0
MinimumVisualStudioVersion = 10.0.40219.1
Project("{FAE04EC0-301F-11D3-BF4B-00C04F79EFBC}") = "RedisMCPSharp", "RedisMCPSharp.csproj", "{5D446AD5-1553-4A14-A672-472C5E7B9370}"
EndProject
Global
	GlobalSection(SolutionConfigurationPlatforms) = preSolution
		Debug|Any CPU = Debug|Any CPU
		Release|Any CPU = Release|Any CPU
	EndGlobalSection
	GlobalSection(ProjectConfigurationPlatforms) = postSolution
		{5D446AD5-1553-4A14-A672-472C5E7B9370}.Debug|Any CPU.ActiveCfg = Debug|Any CPU
		{5D446AD5-1553-4A14-A672-472C5E7B9370}.Debug|Any CPU.Build.0 = Debug|Any CPU
		{5D446AD5-1553-4A14-A672-472C5E7B9370}.Release|Any CPU.ActiveCfg = Release|Any CPU
		{5D446AD5-1553-4A14-A672-472C5E7B9370}.Release|Any CPU.Build.0 = Release|Any CPU
	EndGlobalSection
	GlobalSection(SolutionProperties) = preSolution
		HideSolutionNode = FALSE
	EndGlobalSection
	GlobalSection(ExtensibilityGlobals) = postSolution
		SolutionGuid = {8763E91C-C353-4A4F-AC6E-A588EEDB255D}
	EndGlobalSection
EndGlobal
